# This file was autogenerated by Stack.
# You should not edit this file by hand.
# For more information, please see the documentation at:
#   https://docs.haskellstack.org/en/stable/lock_files

packages:
- completed:
    commit: bcec46a5d55cd92b0ad6887a26239c6378d24ff2
    git: https://github.com/lsrcz/grisette.git
    name: grisette
    pantry-tree:
      sha256: e859742f7b04e1fad09ee31d1eb6f440bf04f6290277621dbf226d7b5eecc2dc
      size: 15604
    version: 0.5.0.0
  original:
    commit: bcec46a5d55cd92b0ad6887a26239c6378d24ff2
    git: https://github.com/lsrcz/grisette.git
- completed:
    commit: ff2a64d293de9a5cf1ed59cc745cb511a6cbbf9a
    git: https://github.com/lsrcz/grisette-generics.git
    name: grisette-generics
    pantry-tree:
      sha256: a0e6b837688c6a5950df4741bb1787a1ebd52902089daa6e6b46f6d5a6c4bb73
      size: 2144
    version: 0.1.0.0
  original:
    commit: ff2a64d293de9a5cf1ed59cc745cb511a6cbbf9a
    git: https://github.com/lsrcz/grisette-generics.git
- completed:
    hackage: quickcheck-with-counterexamples-1.2@sha256:d322d79008602df26f5eb4e1379e5b58bf1a92604df8601e71e200cfc3e847a3,1688
    pantry-tree:
      sha256: 0046517e3cc2adebfce19d4aad05a06dcf55ec9e572fa1c661ba9abe81386484
      size: 724
  original:
    hackage: quickcheck-with-counterexamples-1.2
snapshots:
- completed:
    sha256: 8b211c5a6aad3787e023dfddaf7de7868968e4f240ecedf14ad1c5b2199046ca
    size: 714097
    url: https://raw.githubusercontent.com/commercialhaskell/stackage-snapshots/master/lts/22/4.yaml
  original: lts-22.4
