# This file was autogenerated by Stack.
# You should not edit this file by hand.
# For more information, please see the documentation at:
#   https://docs.haskellstack.org/en/stable/lock_files

packages:
- completed:
    hackage: grisette-0.5.0.1@sha256:5ce3bad4ceb520b1fd657696601a2b35af95a58f71125fbecb2e2d571e81d92d,11965
    pantry-tree:
      sha256: c55f7e6fa04c57d9127c32f1061d6eddb59f79a912121c8c40fc6cc6b5f23342
      size: 13935
  original:
    hackage: grisette-0.5.0.1
- completed:
    hackage: quickcheck-with-counterexamples-1.2@sha256:d322d79008602df26f5eb4e1379e5b58bf1a92604df8601e71e200cfc3e847a3,1688
    pantry-tree:
      sha256: 0046517e3cc2adebfce19d4aad05a06dcf55ec9e572fa1c661ba9abe81386484
      size: 724
  original:
    hackage: quickcheck-with-counterexamples-1.2
snapshots:
- completed:
    sha256: 629fdd46125079fa6d355106005b2ab88bd39332169dd416fda06d5c0aaa63e2
    size: 713332
    url: https://raw.githubusercontent.com/commercialhaskell/stackage-snapshots/master/lts/22/17.yaml
  original: lts-22.17
