# This file was autogenerated by Stack.
# You should not edit this file by hand.
# For more information, please see the documentation at:
#   https://docs.haskellstack.org/en/stable/lock_files

packages:
- completed:
    commit: 73f625ab23eec6f5aa5b8e5fd24e1a2ee18d57de
    git: https://github.com/lsrcz/grisette.git
    name: grisette
    pantry-tree:
      sha256: 451ab5b6fd9331992991e47b928e3e0969118e18f8165b11ef9de5ecac57dad1
      size: 22979
    version: 0.9.0.0
  original:
    commit: 73f625ab23eec6f5aa5b8e5fd24e1a2ee18d57de
    git: https://github.com/lsrcz/grisette.git
- completed:
    hackage: quickcheck-with-counterexamples-1.2@sha256:d322d79008602df26f5eb4e1379e5b58bf1a92604df8601e71e200cfc3e847a3,1688
    pantry-tree:
      sha256: 0046517e3cc2adebfce19d4aad05a06dcf55ec9e572fa1c661ba9abe81386484
      size: 724
  original:
    hackage: quickcheck-with-counterexamples-1.2
snapshots:
- completed:
    sha256: 098936027eaa1ef14e2b8eb39d9933a973894bb70a68684a1bbf00730249879b
    size: 720001
    url: https://raw.githubusercontent.com/commercialhaskell/stackage-snapshots/master/lts/22/33.yaml
  original: lts-22.33
