# This file was autogenerated by Stack.
# You should not edit this file by hand.
# For more information, please see the documentation at:
#   https://docs.haskellstack.org/en/stable/lock_files

packages:
- completed:
    commit: 4e9afe48e5a592aacdc54646379ec0d62b956e5f
    git: https://github.com/lsrcz/grisette.git
    name: grisette
    pantry-tree:
      sha256: cdadfa3159284b2e4573273850ebaf53b379b35e43027c09fc9a33945443c44c
      size: 31280
    version: 0.11.0.0
  original:
    commit: 4e9afe48e5a592aacdc54646379ec0d62b956e5f
    git: https://github.com/lsrcz/grisette.git
- completed:
    hackage: quickcheck-with-counterexamples-1.2@sha256:d322d79008602df26f5eb4e1379e5b58bf1a92604df8601e71e200cfc3e847a3,1688
    pantry-tree:
      sha256: 0046517e3cc2adebfce19d4aad05a06dcf55ec9e572fa1c661ba9abe81386484
      size: 724
  original:
    hackage: quickcheck-with-counterexamples-1.2
- completed:
    hackage: Chart-cairo-1.9.4.1@sha256:e4e87e18ba5d6acf85a4442f2d6d3ffe2fa1f9b339140978cf49059c00d9d03f,1067
    pantry-tree:
      sha256: 7b5c99484437cec3a20dfcb882a68d6df08658ad0550c0a1419c51f61488954e
      size: 239
  original:
    hackage: Chart-cairo-1.9.4.1
- completed:
    hackage: cairo-0.13.11.0@sha256:02aa5c7046d5fd5c8d348bfb9b891a11678a6c7ed110fa14c00ad13d7858b0ca,4267
    pantry-tree:
      sha256: 38919d0779978568d595c8fddabf48d839c954bea02812ba3eb930f5e0331a8c
      size: 2831
  original:
    hackage: cairo-0.13.11.0
- completed:
    hackage: gtk2hs-buildtools-0.13.11.0@sha256:b75cb6b3068d746f568aaf35a968a2e5ac8a3f9cad45eb62f9acedd6b6a7905e,5413
    pantry-tree:
      sha256: 5cdde948effd302f941fc839170e6797703226d305676a6bebc3cc69207a6e7e
      size: 3588
  original:
    hackage: gtk2hs-buildtools-0.13.11.0
snapshots:
- completed:
    sha256: a81fb3877c4f9031e1325eb3935122e608d80715dc16b586eb11ddbff8671ecd
    size: 640086
    url: https://raw.githubusercontent.com/commercialhaskell/stackage-snapshots/master/lts/21/25.yaml
  original: lts-21.25
