# This file was autogenerated by Stack.
# You should not edit this file by hand.
# For more information, please see the documentation at:
#   https://docs.haskellstack.org/en/stable/lock_files

packages:
- completed:
    commit: 6721c478375a514e6a597d0b752618ba47b5a571
    git: https://github.com/lsrcz/grisette.git
    name: grisette
    pantry-tree:
      sha256: aa2f474480e58be220517c765e91528ae9f42c06c8e57f22a1e67ad4255e33f3
      size: 21355
    version: 0.8.0.0
  original:
    commit: 6721c478375a514e6a597d0b752618ba47b5a571
    git: https://github.com/lsrcz/grisette.git
- completed:
    hackage: quickcheck-with-counterexamples-1.2@sha256:d322d79008602df26f5eb4e1379e5b58bf1a92604df8601e71e200cfc3e847a3,1688
    pantry-tree:
      sha256: 0046517e3cc2adebfce19d4aad05a06dcf55ec9e572fa1c661ba9abe81386484
      size: 724
  original:
    hackage: quickcheck-with-counterexamples-1.2
snapshots:
- completed:
    sha256: 413ab640cd718361cd4fe949e5cb174b673bdf38b860b62effd8bfbe10cf689e
    size: 624921
    url: https://raw.githubusercontent.com/commercialhaskell/stackage-snapshots/master/nightly/2024/4/18.yaml
  original: nightly-2024-04-18
