# This file was autogenerated by Stack.
# You should not edit this file by hand.
# For more information, please see the documentation at:
#   https://docs.haskellstack.org/en/stable/lock_files

packages:
- completed:
    hackage: grisette-0.8.0.0@sha256:9a9c0a4d2b1bedd343012ecbc38afddaa240542c6c9105844326c566a2e54279,16721
    pantry-tree:
      sha256: d2d31463f0ef8a133a19357c421828e4f70e0ddaa7969f28e99bed99537dae5a
      size: 20766
  original:
    hackage: grisette-0.8.0.0
- completed:
    hackage: quickcheck-with-counterexamples-1.2@sha256:d322d79008602df26f5eb4e1379e5b58bf1a92604df8601e71e200cfc3e847a3,1688
    pantry-tree:
      sha256: 0046517e3cc2adebfce19d4aad05a06dcf55ec9e572fa1c661ba9abe81386484
      size: 724
  original:
    hackage: quickcheck-with-counterexamples-1.2
snapshots:
- completed:
    sha256: 6d1532d40621957a25bad5195bfca7938e8a06d923c91bc52aa0f3c41181f2d4
    size: 619204
    url: https://raw.githubusercontent.com/commercialhaskell/stackage-snapshots/master/lts/19/33.yaml
  original:
    url: https://raw.githubusercontent.com/commercialhaskell/stackage-snapshots/master/lts/19/33.yaml
