# This file was autogenerated by Stack.
# You should not edit this file by hand.
# For more information, please see the documentation at:
#   https://docs.haskellstack.org/en/stable/lock_files

packages:
- completed:
    hackage: doctest-0.18.2@sha256:489a6e8d3d687845798a73f7b53b43ebec1a8368d7cd6a959a91080ed253bcd7,7241
    pantry-tree:
      sha256: cacfd1af86ef3ec7531c528a2771451a47d218a0eca05db00141d29644aef80f
      size: 7975
  original:
    hackage: doctest-0.18.2
- completed:
    hackage: quickcheck-with-counterexamples-1.2@sha256:d322d79008602df26f5eb4e1379e5b58bf1a92604df8601e71e200cfc3e847a3,1688
    pantry-tree:
      sha256: 0046517e3cc2adebfce19d4aad05a06dcf55ec9e572fa1c661ba9abe81386484
      size: 724
  original:
    hackage: quickcheck-with-counterexamples-1.2
- completed:
    commit: 9494142520cf9d8a6ad326e85ce7ec9ad8101d06
    git: https://github.com/lsrcz/grisette.git
    name: grisette
    pantry-tree:
      sha256: 12bb05976f366a8e4e2267dbd81976411082436306dc45985d746f507999e611
      size: 14787
    version: 0.5.0.0
  original:
    commit: 9494142520cf9d8a6ad326e85ce7ec9ad8101d06
    git: https://github.com/lsrcz/grisette.git
- completed:
    commit: 649bcf551ce1fe8cd7958ed1a1e93a28b4ac3e93
    git: https://github.com/lsrcz/grisette-generics.git
    name: grisette-generics
    pantry-tree:
      sha256: 2318e46795a6293f6f8c6c2ee6f859532c9bc17d1bfc1525d683bd8bb8434caa
      size: 2144
    version: 0.1.0.0
  original:
    commit: 649bcf551ce1fe8cd7958ed1a1e93a28b4ac3e93
    git: https://github.com/lsrcz/grisette-generics.git
snapshots:
- completed:
    sha256: 428ec8d5ce932190d3cbe266b9eb3c175cd81e984babf876b64019e2cbe4ea68
    size: 590100
    url: https://raw.githubusercontent.com/commercialhaskell/stackage-snapshots/master/lts/18/28.yaml
  original:
    url: https://raw.githubusercontent.com/commercialhaskell/stackage-snapshots/master/lts/18/28.yaml
