# This file was autogenerated by Stack.
# You should not edit this file by hand.
# For more information, please see the documentation at:
#   https://docs.haskellstack.org/en/stable/lock_files

packages:
- completed:
    commit: ac4b38aab5103acd1b41e754d0e3118d3319db3a
    git: https://github.com/lsrcz/grisette.git
    name: grisette
    pantry-tree:
      sha256: f429a4f6eca4def333c8dfef4a151d423de8c101cca47109f6f924c2b6e0ca03
      size: 15665
    version: 0.6.0.0
  original:
    commit: ac4b38aab5103acd1b41e754d0e3118d3319db3a
    git: https://github.com/lsrcz/grisette.git
- completed:
    hackage: quickcheck-with-counterexamples-1.2@sha256:d322d79008602df26f5eb4e1379e5b58bf1a92604df8601e71e200cfc3e847a3,1688
    pantry-tree:
      sha256: 0046517e3cc2adebfce19d4aad05a06dcf55ec9e572fa1c661ba9abe81386484
      size: 724
  original:
    hackage: quickcheck-with-counterexamples-1.2
snapshots:
- completed:
    sha256: 413ab640cd718361cd4fe949e5cb174b673bdf38b860b62effd8bfbe10cf689e
    size: 624921
    url: https://raw.githubusercontent.com/commercialhaskell/stackage-snapshots/master/nightly/2024/4/18.yaml
  original: nightly-2024-04-18
