# This file was autogenerated by Stack.
# You should not edit this file by hand.
# For more information, please see the documentation at:
#   https://docs.haskellstack.org/en/stable/lock_files

packages:
- completed:
    commit: 6721c478375a514e6a597d0b752618ba47b5a571
    git: https://github.com/lsrcz/grisette.git
    name: grisette
    pantry-tree:
      sha256: aa2f474480e58be220517c765e91528ae9f42c06c8e57f22a1e67ad4255e33f3
      size: 21355
    version: 0.8.0.0
  original:
    commit: 6721c478375a514e6a597d0b752618ba47b5a571
    git: https://github.com/lsrcz/grisette.git
- completed:
    hackage: doctest-0.18.2@sha256:489a6e8d3d687845798a73f7b53b43ebec1a8368d7cd6a959a91080ed253bcd7,7241
    pantry-tree:
      sha256: cacfd1af86ef3ec7531c528a2771451a47d218a0eca05db00141d29644aef80f
      size: 7975
  original:
    hackage: doctest-0.18.2
- completed:
    hackage: quickcheck-with-counterexamples-1.2@sha256:d322d79008602df26f5eb4e1379e5b58bf1a92604df8601e71e200cfc3e847a3,1688
    pantry-tree:
      sha256: 0046517e3cc2adebfce19d4aad05a06dcf55ec9e572fa1c661ba9abe81386484
      size: 724
  original:
    hackage: quickcheck-with-counterexamples-1.2
- completed:
    hackage: ordered-containers-0.2.3@sha256:89e2aca36de1335c3464c0f4893cbf791cadf9df36b2fb5e07a0e2d92f1e0cb6,810
    pantry-tree:
      sha256: 7b3cafa50f564930339d8839bf8a7dcee7fb0e1590b8421f145e0150a3972c38
      size: 526
  original:
    hackage: ordered-containers-0.2.3
- completed:
    hackage: sbv-8.17@sha256:3e36afa44ee597b213843495e666d88e604e429f0fcec1bbca05ae847bb752a2,29096
    pantry-tree:
      sha256: 569fce0cd577b91104a56bab058140978a3c35ab723a602d1b5370c151c95d9f
      size: 64220
  original:
    hackage: sbv-8.17
snapshots:
- completed:
    sha256: 428ec8d5ce932190d3cbe266b9eb3c175cd81e984babf876b64019e2cbe4ea68
    size: 590100
    url: https://raw.githubusercontent.com/commercialhaskell/stackage-snapshots/master/lts/18/28.yaml
  original:
    url: https://raw.githubusercontent.com/commercialhaskell/stackage-snapshots/master/lts/18/28.yaml
