# This file was autogenerated by Stack.
# You should not edit this file by hand.
# For more information, please see the documentation at:
#   https://docs.haskellstack.org/en/stable/lock_files

packages:
- completed:
    commit: 03754c20c559357062d7bc9f49cd86fdbc452fa8
    git: https://github.com/lsrcz/grisette.git
    name: grisette
    pantry-tree:
      sha256: 5166e98dc864e428117160a7f7f781be42c6487452cd2c77b66c17accdab90d5
      size: 23247
    version: 0.9.0.0
  original:
    commit: 03754c20c559357062d7bc9f49cd86fdbc452fa8
    git: https://github.com/lsrcz/grisette.git
- completed:
    hackage: quickcheck-with-counterexamples-1.2@sha256:d322d79008602df26f5eb4e1379e5b58bf1a92604df8601e71e200cfc3e847a3,1688
    pantry-tree:
      sha256: 0046517e3cc2adebfce19d4aad05a06dcf55ec9e572fa1c661ba9abe81386484
      size: 724
  original:
    hackage: quickcheck-with-counterexamples-1.2
snapshots:
- completed:
    sha256: a81fb3877c4f9031e1325eb3935122e608d80715dc16b586eb11ddbff8671ecd
    size: 640086
    url: https://raw.githubusercontent.com/commercialhaskell/stackage-snapshots/master/lts/21/25.yaml
  original: lts-21.25
