# This file was autogenerated by Stack.
# You should not edit this file by hand.
# For more information, please see the documentation at:
#   https://docs.haskellstack.org/en/stable/lock_files

packages:
- completed:
    commit: 25349f296099c8d34cc3092de197882a58780871
    git: https://github.com/lsrcz/grisette.git
    name: grisette
    pantry-tree:
      sha256: 6b0689cc0a5f1fe9e8cccc244c15e8c25f69d90f4ac497f3f087f1c8b647a29d
      size: 31455
    version: 0.11.0.0
  original:
    commit: 25349f296099c8d34cc3092de197882a58780871
    git: https://github.com/lsrcz/grisette.git
- completed:
    hackage: quickcheck-with-counterexamples-1.2@sha256:d322d79008602df26f5eb4e1379e5b58bf1a92604df8601e71e200cfc3e847a3,1688
    pantry-tree:
      sha256: 0046517e3cc2adebfce19d4aad05a06dcf55ec9e572fa1c661ba9abe81386484
      size: 724
  original:
    hackage: quickcheck-with-counterexamples-1.2
snapshots:
- completed:
    sha256: 24d27a5eb78ef9232264d7390857dd0e499c21ffe0a0fa4b6a2b5a814f0e4cba
    size: 620696
    url: https://raw.githubusercontent.com/commercialhaskell/stackage-snapshots/master/nightly/2024/12/29.yaml
  original: nightly-2024-12-29
