# This file was autogenerated by Stack.
# You should not edit this file by hand.
# For more information, please see the documentation at:
#   https://docs.haskellstack.org/en/stable/lock_files

packages:
- completed:
    commit: 8961abdf7692a113cb010e4f5c805cbc126b3c18
    git: https://github.com/lsrcz/grisette.git
    name: grisette
    pantry-tree:
      sha256: 4a9d66f5cbdd51e15d2803a38b62c331a52626d730c52933ce16130f6c01bf87
      size: 15665
    version: 0.5.0.1
  original:
    commit: 8961abdf7692a113cb010e4f5c805cbc126b3c18
    git: https://github.com/lsrcz/grisette.git
- completed:
    commit: 2b25b54d9531bafff930520e7bd923277700a501
    git: https://github.com/lsrcz/sbv.git
    name: sbv
    pantry-tree:
      sha256: fee881031058a4fa7a20d5d83a058f09db23236c17eae6149e03ebc243a7f50b
      size: 73472
    version: '10.9'
  original:
    commit: 2b25b54d9531bafff930520e7bd923277700a501
    git: https://github.com/lsrcz/sbv.git
- completed:
    hackage: quickcheck-with-counterexamples-1.2@sha256:d322d79008602df26f5eb4e1379e5b58bf1a92604df8601e71e200cfc3e847a3,1688
    pantry-tree:
      sha256: 0046517e3cc2adebfce19d4aad05a06dcf55ec9e572fa1c661ba9abe81386484
      size: 724
  original:
    hackage: quickcheck-with-counterexamples-1.2
snapshots:
- completed:
    sha256: 413ab640cd718361cd4fe949e5cb174b673bdf38b860b62effd8bfbe10cf689e
    size: 624921
    url: https://raw.githubusercontent.com/commercialhaskell/stackage-snapshots/master/nightly/2024/4/18.yaml
  original: nightly-2024-04-18
