# This file was autogenerated by Stack.
# You should not edit this file by hand.
# For more information, please see the documentation at:
#   https://docs.haskellstack.org/en/stable/lock_files

packages:
- completed:
    commit: 25349f296099c8d34cc3092de197882a58780871
    git: https://github.com/lsrcz/grisette.git
    name: grisette
    pantry-tree:
      sha256: 6b0689cc0a5f1fe9e8cccc244c15e8c25f69d90f4ac497f3f087f1c8b647a29d
      size: 31455
    version: 0.11.0.0
  original:
    commit: 25349f296099c8d34cc3092de197882a58780871
    git: https://github.com/lsrcz/grisette.git
- completed:
    hackage: quickcheck-with-counterexamples-1.2@sha256:d322d79008602df26f5eb4e1379e5b58bf1a92604df8601e71e200cfc3e847a3,1688
    pantry-tree:
      sha256: 0046517e3cc2adebfce19d4aad05a06dcf55ec9e572fa1c661ba9abe81386484
      size: 724
  original:
    hackage: quickcheck-with-counterexamples-1.2
- completed:
    hackage: Chart-1.9.3@sha256:ee5e3a78ba1a4747c3162702f69d9312218a4bee81d36b314f18745859c1ee51,2948
    pantry-tree:
      sha256: c1a6a912e46a67f4d274c5244236507c1e669b553964093df0710eaa4ababa55
      size: 3031
  original:
    hackage: Chart-1.9.3
- completed:
    hackage: Chart-cairo-1.9.3@sha256:5d6f005b5d3d74453a979eb2c6a1777c92ce02eae9e019abbe03a0e008cb8aea,924
    pantry-tree:
      sha256: 204f29235d182cc8c8ab40d0a37387e78c1dadc684e190c85e1643521483e681
      size: 238
  original:
    hackage: Chart-cairo-1.9.3
- completed:
    hackage: cairo-0.13.10.0@sha256:7bce41dbfb1aa9a6723cd4373b3cfb55ecd3564df3a668afe74692f3b32f32c7,4271
    pantry-tree:
      sha256: 10dea7c5189d913ae553e2f82276bc45eee9c11123f0626be09b85e5d2e56a5a
      size: 2831
  original:
    hackage: cairo-0.13.10.0
- completed:
    hackage: gtk2hs-buildtools-0.13.11.0@sha256:b75cb6b3068d746f568aaf35a968a2e5ac8a3f9cad45eb62f9acedd6b6a7905e,5413
    pantry-tree:
      sha256: 5cdde948effd302f941fc839170e6797703226d305676a6bebc3cc69207a6e7e
      size: 3588
  original:
    hackage: gtk2hs-buildtools-0.13.11.0
snapshots:
- completed:
    sha256: 6d1532d40621957a25bad5195bfca7938e8a06d923c91bc52aa0f3c41181f2d4
    size: 619204
    url: https://raw.githubusercontent.com/commercialhaskell/stackage-snapshots/master/lts/19/33.yaml
  original:
    url: https://raw.githubusercontent.com/commercialhaskell/stackage-snapshots/master/lts/19/33.yaml
